
Microsoft Visual Studio Solution File, Format Version 12.00
# Visual Studio Version 16
VisualStudioVersion = 16.0.35706.149
MinimumVisualStudioVersion = 10.0.40219.1
Project("{8BC9CEB8-8B4A-11D0-8D11-00A0C91BC942}") = "unit_tests", "unit_tests.vcxproj", "{E8C5D686-16BE-463F-BB08-E442227A3233}"
EndProject
Global
	GlobalSection(SolutionConfigurationPlatforms) = preSolution
		Debug|x64 = Debug|x64
		Debug|x86 = Debug|x86
		Release|x64 = Release|x64
		Release|x86 = Release|x86
	EndGlobalSection
	GlobalSection(ProjectConfigurationPlatforms) = postSolution
		{E8C5D686-16BE-463F-BB08-E442227A3233}.Debug|x64.ActiveCfg = Debug|x64
		{E8C5D686-16BE-463F-BB08-E442227A3233}.Debug|x64.Build.0 = Debug|x64
		{E8C5D686-16BE-463F-BB08-E442227A3233}.Debug|x86.ActiveCfg = Debug|Win32
		{E8C5D686-16BE-463F-BB08-E442227A3233}.Debug|x86.Build.0 = Debug|Win32
		{E8C5D686-16BE-463F-BB08-E442227A3233}.Release|x64.ActiveCfg = Release|x64
		{E8C5D686-16BE-463F-BB08-E442227A3233}.Release|x64.Build.0 = Release|x64
		{E8C5D686-16BE-463F-BB08-E442227A3233}.Release|x86.ActiveCfg = Release|Win32
		{E8C5D686-16BE-463F-BB08-E442227A3233}.Release|x86.Build.0 = Release|Win32
	EndGlobalSection
	GlobalSection(SolutionProperties) = preSolution
		HideSolutionNode = FALSE
	EndGlobalSection
	GlobalSection(ExtensibilityGlobals) = postSolution
		SolutionGuid = {31BD6964-DC79-4269-B218-CC9DF350B91F}
	EndGlobalSection
EndGlobal
