<?xml version="1.0" encoding="utf-8"?>
<Project ToolsVersion="4.0" xmlns="http://schemas.microsoft.com/developer/msbuild/2003">
  <ItemGroup>
    <Filter Include="data">
      <UniqueIdentifier>{d174783a-94b3-4c95-aae5-e494305bb3cf}</UniqueIdentifier>
    </Filter>
    <Filter Include="data\detail">
      <UniqueIdentifier>{bbdb0148-c99e-4bbf-a836-bc8f61d7d88e}</UniqueIdentifier>
    </Filter>
    <Filter Include="头文件">
      <UniqueIdentifier>{3c1f4601-3310-4d19-b1a3-93982a2d0b4d}</UniqueIdentifier>
    </Filter>
  </ItemGroup>
  <ItemGroup>
    <Text Include="..\..\IntelligentStockSystem\data\entity.txt">
      <Filter>data</Filter>
    </Text>
    <Text Include="..\..\IntelligentStockSystem\data\new_stocks.txt">
      <Filter>data</Filter>
    </Text>
    <Text Include="..\..\IntelligentStockSystem\data\relation.txt">
      <Filter>data</Filter>
    </Text>
    <Text Include="..\..\IntelligentStockSystem\data\stocks.txt">
      <Filter>data</Filter>
    </Text>
    <Text Include="..\..\IntelligentStockSystem\data\detail\cn_000007.txt">
      <Filter>data\detail</Filter>
    </Text>
    <Text Include="..\..\IntelligentStockSystem\data\detail\cn_000025.txt">
      <Filter>data\detail</Filter>
    </Text>
    <Text Include="..\..\IntelligentStockSystem\data\detail\cn_000028.txt">
      <Filter>data\detail</Filter>
    </Text>
    <Text Include="..\..\IntelligentStockSystem\data\detail\cn_000034.txt">
      <Filter>data\detail</Filter>
    </Text>
    <Text Include="..\..\IntelligentStockSystem\data\detail\cn_000518.txt">
      <Filter>data\detail</Filter>
    </Text>
    <Text Include="..\..\IntelligentStockSystem\data\detail\cn_000581.txt">
      <Filter>data\detail</Filter>
    </Text>
    <Text Include="..\..\IntelligentStockSystem\data\detail\cn_000619.txt">
      <Filter>data\detail</Filter>
    </Text>
    <Text Include="..\..\IntelligentStockSystem\data\detail\cn_000625.txt">
      <Filter>data\detail</Filter>
    </Text>
    <Text Include="..\..\IntelligentStockSystem\data\detail\cn_000677.txt">
      <Filter>data\detail</Filter>
    </Text>
    <Text Include="..\..\IntelligentStockSystem\data\detail\cn_000681.txt">
      <Filter>data\detail</Filter>
    </Text>
    <Text Include="..\..\IntelligentStockSystem\data\detail\cn_000721.txt">
      <Filter>data\detail</Filter>
    </Text>
    <Text Include="..\..\IntelligentStockSystem\data\detail\cn_000837.txt">
      <Filter>data\detail</Filter>
    </Text>
    <Text Include="..\..\IntelligentStockSystem\data\detail\cn_000859.txt">
      <Filter>data\detail</Filter>
    </Text>
    <Text Include="..\..\IntelligentStockSystem\data\detail\cn_000862.txt">
      <Filter>data\detail</Filter>
    </Text>
    <Text Include="..\..\IntelligentStockSystem\data\detail\cn_000881.txt">
      <Filter>data\detail</Filter>
    </Text>
    <Text Include="..\..\IntelligentStockSystem\data\detail\cn_000892.txt">
      <Filter>data\detail</Filter>
    </Text>
    <Text Include="..\..\IntelligentStockSystem\data\detail\cn_000913.txt">
      <Filter>data\detail</Filter>
    </Text>
    <Text Include="..\..\IntelligentStockSystem\data\detail\cn_000917.txt">
      <Filter>data\detail</Filter>
    </Text>
    <Text Include="..\..\IntelligentStockSystem\data\detail\cn_000951.txt">
      <Filter>data\detail</Filter>
    </Text>
    <Text Include="..\..\IntelligentStockSystem\data\detail\cn_000980.txt">
      <Filter>data\detail</Filter>
    </Text>
    <Text Include="..\..\IntelligentStockSystem\data\detail\cn_001285.txt">
      <Filter>data\detail</Filter>
    </Text>
    <Text Include="..\..\IntelligentStockSystem\data\detail\cn_001356.txt">
      <Filter>data\detail</Filter>
    </Text>
    <Text Include="..\..\IntelligentStockSystem\data\detail\cn_001378.txt">
      <Filter>data\detail</Filter>
    </Text>
    <Text Include="..\..\IntelligentStockSystem\data\detail\cn_001379.txt">
      <Filter>data\detail</Filter>
    </Text>
    <Text Include="..\..\IntelligentStockSystem\data\detail\cn_002004.txt">
      <Filter>data\detail</Filter>
    </Text>
    <Text Include="..\..\IntelligentStockSystem\data\detail\cn_002015.txt">
      <Filter>data\detail</Filter>
    </Text>
    <Text Include="..\..\IntelligentStockSystem\data\detail\cn_002045.txt">
      <Filter>data\detail</Filter>
    </Text>
    <Text Include="..\..\IntelligentStockSystem\data\detail\cn_002061.txt">
      <Filter>data\detail</Filter>
    </Text>
    <Text Include="..\..\IntelligentStockSystem\data\detail\cn_002068.txt">
      <Filter>data\detail</Filter>
    </Text>
    <Text Include="..\..\IntelligentStockSystem\data\detail\cn_002075.txt">
      <Filter>data\detail</Filter>
    </Text>
    <Text Include="..\..\IntelligentStockSystem\data\detail\cn_002078.txt">
      <Filter>data\detail</Filter>
    </Text>
    <Text Include="..\..\IntelligentStockSystem\data\detail\cn_002090.txt">
      <Filter>data\detail</Filter>
    </Text>
    <Text Include="..\..\IntelligentStockSystem\data\detail\cn_002124.txt">
      <Filter>data\detail</Filter>
    </Text>
    <Text Include="..\..\IntelligentStockSystem\data\detail\cn_002139.txt">
      <Filter>data\detail</Filter>
    </Text>
    <Text Include="..\..\IntelligentStockSystem\data\detail\cn_002140.txt">
      <Filter>data\detail</Filter>
    </Text>
    <Text Include="..\..\IntelligentStockSystem\data\detail\cn_002144.txt">
      <Filter>data\detail</Filter>
    </Text>
    <Text Include="..\..\IntelligentStockSystem\data\detail\cn_002162.txt">
      <Filter>data\detail</Filter>
    </Text>
    <Text Include="..\..\IntelligentStockSystem\data\detail\cn_002175.txt">
      <Filter>data\detail</Filter>
    </Text>
    <Text Include="..\..\IntelligentStockSystem\data\detail\cn_002180.txt">
      <Filter>data\detail</Filter>
    </Text>
    <Text Include="..\..\IntelligentStockSystem\data\detail\cn_002182.txt">
      <Filter>data\detail</Filter>
    </Text>
    <Text Include="..\..\IntelligentStockSystem\data\detail\cn_002186.txt">
      <Filter>data\detail</Filter>
    </Text>
    <Text Include="..\..\IntelligentStockSystem\data\detail\cn_002217.txt">
      <Filter>data\detail</Filter>
    </Text>
    <Text Include="..\..\IntelligentStockSystem\data\detail\cn_002250.txt">
      <Filter>data\detail</Filter>
    </Text>
    <Text Include="..\..\IntelligentStockSystem\data\detail\cn_002263.txt">
      <Filter>data\detail</Filter>
    </Text>
    <Text Include="..\..\IntelligentStockSystem\data\detail\cn_002269.txt">
      <Filter>data\detail</Filter>
    </Text>
    <Text Include="..\..\IntelligentStockSystem\data\detail\cn_002277.txt">
      <Filter>data\detail</Filter>
    </Text>
    <Text Include="..\..\IntelligentStockSystem\data\detail\cn_002283.txt">
      <Filter>data\detail</Filter>
    </Text>
    <Text Include="..\..\IntelligentStockSystem\data\detail\cn_002307.txt">
      <Filter>data\detail</Filter>
    </Text>
    <Text Include="..\..\IntelligentStockSystem\data\detail\cn_002330.txt">
      <Filter>data\detail</Filter>
    </Text>
    <Text Include="..\..\IntelligentStockSystem\data\detail\cn_002426.txt">
      <Filter>data\detail</Filter>
    </Text>
    <Text Include="..\..\IntelligentStockSystem\data\detail\cn_002476.txt">
      <Filter>data\detail</Filter>
    </Text>
    <Text Include="..\..\IntelligentStockSystem\data\detail\cn_002517.txt">
      <Filter>data\detail</Filter>
    </Text>
    <Text Include="..\..\IntelligentStockSystem\data\detail\cn_002519.txt">
      <Filter>data\detail</Filter>
    </Text>
    <Text Include="..\..\IntelligentStockSystem\data\detail\cn_002521.txt">
      <Filter>data\detail</Filter>
    </Text>
    <Text Include="..\..\IntelligentStockSystem\data\detail\cn_002540.txt">
      <Filter>data\detail</Filter>
    </Text>
    <Text Include="..\..\IntelligentStockSystem\data\detail\cn_002552.txt">
      <Filter>data\detail</Filter>
    </Text>
    <Text Include="..\..\IntelligentStockSystem\data\detail\cn_002560.txt">
      <Filter>data\detail</Filter>
    </Text>
    <Text Include="..\..\IntelligentStockSystem\data\detail\cn_002583.txt">
      <Filter>data\detail</Filter>
    </Text>
    <Text Include="..\..\IntelligentStockSystem\data\detail\cn_002585.txt">
      <Filter>data\detail</Filter>
    </Text>
    <Text Include="..\..\IntelligentStockSystem\data\detail\cn_002664.txt">
      <Filter>data\detail</Filter>
    </Text>
    <Text Include="..\..\IntelligentStockSystem\data\detail\cn_002747.txt">
      <Filter>data\detail</Filter>
    </Text>
    <Text Include="..\..\IntelligentStockSystem\data\detail\cn_002777.txt">
      <Filter>data\detail</Filter>
    </Text>
    <Text Include="..\..\IntelligentStockSystem\data\detail\cn_002799.txt">
      <Filter>data\detail</Filter>
    </Text>
    <Text Include="..\..\IntelligentStockSystem\data\detail\cn_002800.txt">
      <Filter>data\detail</Filter>
    </Text>
    <Text Include="..\..\IntelligentStockSystem\data\detail\cn_002805.txt">
      <Filter>data\detail</Filter>
    </Text>
    <Text Include="..\..\IntelligentStockSystem\data\detail\cn_002806.txt">
      <Filter>data\detail</Filter>
    </Text>
    <Text Include="..\..\IntelligentStockSystem\data\detail\cn_002813.txt">
      <Filter>data\detail</Filter>
    </Text>
    <Text Include="..\..\IntelligentStockSystem\data\detail\cn_002836.txt">
      <Filter>data\detail</Filter>
    </Text>
    <Text Include="..\..\IntelligentStockSystem\data\detail\cn_002842.txt">
      <Filter>data\detail</Filter>
    </Text>
    <Text Include="..\..\IntelligentStockSystem\data\detail\cn_002880.txt">
      <Filter>data\detail</Filter>
    </Text>
    <Text Include="..\..\IntelligentStockSystem\data\detail\cn_002897.txt">
      <Filter>data\detail</Filter>
    </Text>
    <Text Include="..\..\IntelligentStockSystem\data\detail\cn_002908.txt">
      <Filter>data\detail</Filter>
    </Text>
    <Text Include="..\..\IntelligentStockSystem\data\detail\cn_002911.txt">
      <Filter>data\detail</Filter>
    </Text>
    <Text Include="..\..\IntelligentStockSystem\data\detail\cn_002915.txt">
      <Filter>data\detail</Filter>
    </Text>
    <Text Include="..\..\IntelligentStockSystem\data\detail\cn_002945.txt">
      <Filter>data\detail</Filter>
    </Text>
    <Text Include="..\..\IntelligentStockSystem\data\detail\cn_002949.txt">
      <Filter>data\detail</Filter>
    </Text>
    <Text Include="..\..\IntelligentStockSystem\data\detail\cn_003019.txt">
      <Filter>data\detail</Filter>
    </Text>
    <Text Include="..\..\IntelligentStockSystem\data\detail\cn_003033.txt">
      <Filter>data\detail</Filter>
    </Text>
    <Text Include="..\..\IntelligentStockSystem\data\detail\cn_300036.txt">
      <Filter>data\detail</Filter>
    </Text>
    <Text Include="..\..\IntelligentStockSystem\data\detail\cn_300065.txt">
      <Filter>data\detail</Filter>
    </Text>
    <Text Include="..\..\IntelligentStockSystem\data\detail\cn_300101.txt">
      <Filter>data\detail</Filter>
    </Text>
    <Text Include="..\..\IntelligentStockSystem\data\detail\cn_300111.txt">
      <Filter>data\detail</Filter>
    </Text>
    <Text Include="..\..\IntelligentStockSystem\data\detail\cn_300140.txt">
      <Filter>data\detail</Filter>
    </Text>
    <Text Include="..\..\IntelligentStockSystem\data\detail\cn_300163.txt">
      <Filter>data\detail</Filter>
    </Text>
    <Text Include="..\..\IntelligentStockSystem\data\detail\cn_300170.txt">
      <Filter>data\detail</Filter>
    </Text>
    <Text Include="..\..\IntelligentStockSystem\data\detail\cn_300187.txt">
      <Filter>data\detail</Filter>
    </Text>
    <Text Include="..\..\IntelligentStockSystem\data\detail\cn_300198.txt">
      <Filter>data\detail</Filter>
    </Text>
    <Text Include="..\..\IntelligentStockSystem\data\detail\cn_300229.txt">
      <Filter>data\detail</Filter>
    </Text>
    <Text Include="..\..\IntelligentStockSystem\data\detail\cn_300284.txt">
      <Filter>data\detail</Filter>
    </Text>
    <Text Include="..\..\IntelligentStockSystem\data\detail\cn_300295.txt">
      <Filter>data\detail</Filter>
    </Text>
    <Text Include="..\..\IntelligentStockSystem\data\detail\cn_300316.txt">
      <Filter>data\detail</Filter>
    </Text>
    <Text Include="..\..\IntelligentStockSystem\data\detail\cn_300363.txt">
      <Filter>data\detail</Filter>
    </Text>
    <Text Include="..\..\IntelligentStockSystem\data\detail\cn_300398.txt">
      <Filter>data\detail</Filter>
    </Text>
    <Text Include="..\..\IntelligentStockSystem\data\detail\cn_300433.txt">
      <Filter>data\detail</Filter>
    </Text>
    <Text Include="..\..\IntelligentStockSystem\data\detail\cn_300436.txt">
      <Filter>data\detail</Filter>
    </Text>
    <Text Include="..\..\IntelligentStockSystem\data\detail\cn_300463.txt">
      <Filter>data\detail</Filter>
    </Text>
    <Text Include="..\..\IntelligentStockSystem\data\detail\cn_300490.txt">
      <Filter>data\detail</Filter>
    </Text>
    <Text Include="..\..\IntelligentStockSystem\data\detail\cn_300505.txt">
      <Filter>data\detail</Filter>
    </Text>
    <Text Include="..\..\IntelligentStockSystem\data\detail\cn_300572.txt">
      <Filter>data\detail</Filter>
    </Text>
    <Text Include="..\..\IntelligentStockSystem\data\detail\cn_300573.txt">
      <Filter>data\detail</Filter>
    </Text>
    <Text Include="..\..\IntelligentStockSystem\data\detail\cn_300600.txt">
      <Filter>data\detail</Filter>
    </Text>
    <Text Include="..\..\IntelligentStockSystem\data\detail\cn_300632.txt">
      <Filter>data\detail</Filter>
    </Text>
    <Text Include="..\..\IntelligentStockSystem\data\detail\cn_300638.txt">
      <Filter>data\detail</Filter>
    </Text>
    <Text Include="..\..\IntelligentStockSystem\data\detail\cn_300643.txt">
      <Filter>data\detail</Filter>
    </Text>
    <Text Include="..\..\IntelligentStockSystem\data\detail\cn_300727.txt">
      <Filter>data\detail</Filter>
    </Text>
    <Text Include="..\..\IntelligentStockSystem\data\detail\cn_300749.txt">
      <Filter>data\detail</Filter>
    </Text>
    <Text Include="..\..\IntelligentStockSystem\data\detail\cn_300758.txt">
      <Filter>data\detail</Filter>
    </Text>
    <Text Include="..\..\IntelligentStockSystem\data\detail\cn_300823.txt">
      <Filter>data\detail</Filter>
    </Text>
    <Text Include="..\..\IntelligentStockSystem\data\detail\cn_300841.txt">
      <Filter>data\detail</Filter>
    </Text>
    <Text Include="..\..\IntelligentStockSystem\data\detail\cn_300846.txt">
      <Filter>data\detail</Filter>
    </Text>
    <Text Include="..\..\IntelligentStockSystem\data\detail\cn_300852.txt">
      <Filter>data\detail</Filter>
    </Text>
    <Text Include="..\..\IntelligentStockSystem\data\detail\cn_300886.txt">
      <Filter>data\detail</Filter>
    </Text>
    <Text Include="..\..\IntelligentStockSystem\data\detail\cn_300946.txt">
      <Filter>data\detail</Filter>
    </Text>
    <Text Include="..\..\IntelligentStockSystem\data\detail\cn_300953.txt">
      <Filter>data\detail</Filter>
    </Text>
    <Text Include="..\..\IntelligentStockSystem\data\detail\cn_301002.txt">
      <Filter>data\detail</Filter>
    </Text>
    <Text Include="..\..\IntelligentStockSystem\data\detail\cn_301003.txt">
      <Filter>data\detail</Filter>
    </Text>
    <Text Include="..\..\IntelligentStockSystem\data\detail\cn_301012.txt">
      <Filter>data\detail</Filter>
    </Text>
    <Text Include="..\..\IntelligentStockSystem\data\detail\cn_301017.txt">
      <Filter>data\detail</Filter>
    </Text>
    <Text Include="..\..\IntelligentStockSystem\data\detail\cn_301053.txt">
      <Filter>data\detail</Filter>
    </Text>
    <Text Include="..\..\IntelligentStockSystem\data\detail\cn_301056.txt">
      <Filter>data\detail</Filter>
    </Text>
    <Text Include="..\..\IntelligentStockSystem\data\detail\cn_301068.txt">
      <Filter>data\detail</Filter>
    </Text>
    <Text Include="..\..\IntelligentStockSystem\data\detail\cn_301070.txt">
      <Filter>data\detail</Filter>
    </Text>
    <Text Include="..\..\IntelligentStockSystem\data\detail\cn_301093.txt">
      <Filter>data\detail</Filter>
    </Text>
    <Text Include="..\..\IntelligentStockSystem\data\detail\cn_301125.txt">
      <Filter>data\detail</Filter>
    </Text>
    <Text Include="..\..\IntelligentStockSystem\data\detail\cn_301180.txt">
      <Filter>data\detail</Filter>
    </Text>
    <Text Include="..\..\IntelligentStockSystem\data\detail\cn_301185.txt">
      <Filter>data\detail</Filter>
    </Text>
    <Text Include="..\..\IntelligentStockSystem\data\detail\cn_301210.txt">
      <Filter>data\detail</Filter>
    </Text>
    <Text Include="..\..\IntelligentStockSystem\data\detail\cn_301229.txt">
      <Filter>data\detail</Filter>
    </Text>
    <Text Include="..\..\IntelligentStockSystem\data\detail\cn_301232.txt">
      <Filter>data\detail</Filter>
    </Text>
    <Text Include="..\..\IntelligentStockSystem\data\detail\cn_301297.txt">
      <Filter>data\detail</Filter>
    </Text>
    <Text Include="..\..\IntelligentStockSystem\data\detail\cn_301307.txt">
      <Filter>data\detail</Filter>
    </Text>
    <Text Include="..\..\IntelligentStockSystem\data\detail\cn_301327.txt">
      <Filter>data\detail</Filter>
    </Text>
    <Text Include="..\..\IntelligentStockSystem\data\detail\cn_301332.txt">
      <Filter>data\detail</Filter>
    </Text>
    <Text Include="..\..\IntelligentStockSystem\data\detail\cn_301357.txt">
      <Filter>data\detail</Filter>
    </Text>
    <Text Include="..\..\IntelligentStockSystem\data\detail\cn_301448.txt">
      <Filter>data\detail</Filter>
    </Text>
    <Text Include="..\..\IntelligentStockSystem\data\detail\cn_301516.txt">
      <Filter>data\detail</Filter>
    </Text>
    <Text Include="..\..\IntelligentStockSystem\data\detail\cn_301556.txt">
      <Filter>data\detail</Filter>
    </Text>
    <Text Include="..\..\IntelligentStockSystem\data\detail\cn_301559.txt">
      <Filter>data\detail</Filter>
    </Text>
    <Text Include="..\..\IntelligentStockSystem\data\detail\cn_301560.txt">
      <Filter>data\detail</Filter>
    </Text>
    <Text Include="..\..\IntelligentStockSystem\data\detail\cn_301563.txt">
      <Filter>data\detail</Filter>
    </Text>
    <Text Include="..\..\IntelligentStockSystem\data\detail\cn_301596.txt">
      <Filter>data\detail</Filter>
    </Text>
    <Text Include="..\..\IntelligentStockSystem\data\detail\cn_301600.txt">
      <Filter>data\detail</Filter>
    </Text>
    <Text Include="..\..\IntelligentStockSystem\data\detail\cn_301611.txt">
      <Filter>data\detail</Filter>
    </Text>
    <Text Include="..\..\IntelligentStockSystem\data\detail\cn_301633.txt">
      <Filter>data\detail</Filter>
    </Text>
    <Text Include="..\..\IntelligentStockSystem\data\detail\cn_600000.txt">
      <Filter>data\detail</Filter>
    </Text>
    <Text Include="..\..\IntelligentStockSystem\data\detail\cn_600051.txt">
      <Filter>data\detail</Filter>
    </Text>
    <Text Include="..\..\IntelligentStockSystem\data\detail\cn_600084.txt">
      <Filter>data\detail</Filter>
    </Text>
    <Text Include="..\..\IntelligentStockSystem\data\detail\cn_600120.txt">
      <Filter>data\detail</Filter>
    </Text>
    <Text Include="..\..\IntelligentStockSystem\data\detail\cn_600132.txt">
      <Filter>data\detail</Filter>
    </Text>
    <Text Include="..\..\IntelligentStockSystem\data\detail\cn_600161.txt">
      <Filter>data\detail</Filter>
    </Text>
    <Text Include="..\..\IntelligentStockSystem\data\detail\cn_600182.txt">
      <Filter>data\detail</Filter>
    </Text>
    <Text Include="..\..\IntelligentStockSystem\data\detail\cn_600183.txt">
      <Filter>data\detail</Filter>
    </Text>
    <Text Include="..\..\IntelligentStockSystem\data\detail\cn_600203.txt">
      <Filter>data\detail</Filter>
    </Text>
    <Text Include="..\..\IntelligentStockSystem\data\detail\cn_600222.txt">
      <Filter>data\detail</Filter>
    </Text>
    <Text Include="..\..\IntelligentStockSystem\data\detail\cn_600278.txt">
      <Filter>data\detail</Filter>
    </Text>
    <Text Include="..\..\IntelligentStockSystem\data\detail\cn_600282.txt">
      <Filter>data\detail</Filter>
    </Text>
    <Text Include="..\..\IntelligentStockSystem\data\detail\cn_600287.txt">
      <Filter>data\detail</Filter>
    </Text>
    <Text Include="..\..\IntelligentStockSystem\data\detail\cn_600327.txt">
      <Filter>data\detail</Filter>
    </Text>
    <Text Include="..\..\IntelligentStockSystem\data\detail\cn_600338.txt">
      <Filter>data\detail</Filter>
    </Text>
    <Text Include="..\..\IntelligentStockSystem\data\detail\cn_600345.txt">
      <Filter>data\detail</Filter>
    </Text>
    <Text Include="..\..\IntelligentStockSystem\data\detail\cn_600371.txt">
      <Filter>data\detail</Filter>
    </Text>
    <Text Include="..\..\IntelligentStockSystem\data\detail\cn_600377.txt">
      <Filter>data\detail</Filter>
    </Text>
    <Text Include="..\..\IntelligentStockSystem\data\detail\cn_600396.txt">
      <Filter>data\detail</Filter>
    </Text>
    <Text Include="..\..\IntelligentStockSystem\data\detail\cn_600410.txt">
      <Filter>data\detail</Filter>
    </Text>
    <Text Include="..\..\IntelligentStockSystem\data\detail\cn_600415.txt">
      <Filter>data\detail</Filter>
    </Text>
    <Text Include="..\..\IntelligentStockSystem\data\detail\cn_600456.txt">
      <Filter>data\detail</Filter>
    </Text>
    <Text Include="..\..\IntelligentStockSystem\data\detail\cn_600478.txt">
      <Filter>data\detail</Filter>
    </Text>
    <Text Include="..\..\IntelligentStockSystem\data\detail\cn_600511.txt">
      <Filter>data\detail</Filter>
    </Text>
    <Text Include="..\..\IntelligentStockSystem\data\detail\cn_600519.txt">
      <Filter>data\detail</Filter>
    </Text>
    <Text Include="..\..\IntelligentStockSystem\data\detail\cn_600526.txt">
      <Filter>data\detail</Filter>
    </Text>
    <Text Include="..\..\IntelligentStockSystem\data\detail\cn_600549.txt">
      <Filter>data\detail</Filter>
    </Text>
    <Text Include="..\..\IntelligentStockSystem\data\detail\cn_600627.txt">
      <Filter>data\detail</Filter>
    </Text>
    <Text Include="..\..\IntelligentStockSystem\data\detail\cn_600648.txt">
      <Filter>data\detail</Filter>
    </Text>
    <Text Include="..\..\IntelligentStockSystem\data\detail\cn_600653.txt">
      <Filter>data\detail</Filter>
    </Text>
    <Text Include="..\..\IntelligentStockSystem\data\detail\cn_600703.txt">
      <Filter>data\detail</Filter>
    </Text>
    <Text Include="..\..\IntelligentStockSystem\data\detail\cn_600725.txt">
      <Filter>data\detail</Filter>
    </Text>
    <Text Include="..\..\IntelligentStockSystem\data\detail\cn_600731.txt">
      <Filter>data\detail</Filter>
    </Text>
    <Text Include="..\..\IntelligentStockSystem\data\detail\cn_600759.txt">
      <Filter>data\detail</Filter>
    </Text>
    <Text Include="..\..\IntelligentStockSystem\data\detail\cn_600773.txt">
      <Filter>data\detail</Filter>
    </Text>
    <Text Include="..\..\IntelligentStockSystem\data\detail\cn_600928.txt">
      <Filter>data\detail</Filter>
    </Text>
    <Text Include="..\..\IntelligentStockSystem\data\detail\cn_600939.txt">
      <Filter>data\detail</Filter>
    </Text>
    <Text Include="..\..\IntelligentStockSystem\data\detail\cn_600967.txt">
      <Filter>data\detail</Filter>
    </Text>
    <Text Include="..\..\IntelligentStockSystem\data\detail\cn_601038.txt">
      <Filter>data\detail</Filter>
    </Text>
    <Text Include="..\..\IntelligentStockSystem\data\detail\cn_601068.txt">
      <Filter>data\detail</Filter>
    </Text>
    <Text Include="..\..\IntelligentStockSystem\data\detail\cn_601083.txt">
      <Filter>data\detail</Filter>
    </Text>
    <Text Include="..\..\IntelligentStockSystem\data\detail\cn_601156.txt">
      <Filter>data\detail</Filter>
    </Text>
    <Text Include="..\..\IntelligentStockSystem\data\detail\cn_601169.txt">
      <Filter>data\detail</Filter>
    </Text>
    <Text Include="..\..\IntelligentStockSystem\data\detail\cn_601188.txt">
      <Filter>data\detail</Filter>
    </Text>
    <Text Include="..\..\IntelligentStockSystem\data\detail\cn_601595.txt">
      <Filter>data\detail</Filter>
    </Text>
    <Text Include="..\..\IntelligentStockSystem\data\detail\cn_601688.txt">
      <Filter>data\detail</Filter>
    </Text>
    <Text Include="..\..\IntelligentStockSystem\data\detail\cn_601698.txt">
      <Filter>data\detail</Filter>
    </Text>
    <Text Include="..\..\IntelligentStockSystem\data\detail\cn_601798.txt">
      <Filter>data\detail</Filter>
    </Text>
    <Text Include="..\..\IntelligentStockSystem\data\detail\cn_601949.txt">
      <Filter>data\detail</Filter>
    </Text>
    <Text Include="..\..\IntelligentStockSystem\data\detail\cn_603032.txt">
      <Filter>data\detail</Filter>
    </Text>
    <Text Include="..\..\IntelligentStockSystem\data\detail\cn_603096.txt">
      <Filter>data\detail</Filter>
    </Text>
    <Text Include="..\..\IntelligentStockSystem\data\detail\cn_603125.txt">
      <Filter>data\detail</Filter>
    </Text>
    <Text Include="..\..\IntelligentStockSystem\data\detail\cn_603181.txt">
      <Filter>data\detail</Filter>
    </Text>
    <Text Include="..\..\IntelligentStockSystem\data\detail\cn_603186.txt">
      <Filter>data\detail</Filter>
    </Text>
    <Text Include="..\..\IntelligentStockSystem\data\detail\cn_603199.txt">
      <Filter>data\detail</Filter>
    </Text>
    <Text Include="..\..\IntelligentStockSystem\data\detail\cn_603206.txt">
      <Filter>data\detail</Filter>
    </Text>
    <Text Include="..\..\IntelligentStockSystem\data\detail\cn_603236.txt">
      <Filter>data\detail</Filter>
    </Text>
    <Text Include="..\..\IntelligentStockSystem\data\detail\cn_603256.txt">
      <Filter>data\detail</Filter>
    </Text>
    <Text Include="..\..\IntelligentStockSystem\data\detail\cn_603261.txt">
      <Filter>data\detail</Filter>
    </Text>
    <Text Include="..\..\IntelligentStockSystem\data\detail\cn_603272.txt">
      <Filter>data\detail</Filter>
    </Text>
    <Text Include="..\..\IntelligentStockSystem\data\detail\cn_603280.txt">
      <Filter>data\detail</Filter>
    </Text>
    <Text Include="..\..\IntelligentStockSystem\data\detail\cn_603309.txt">
      <Filter>data\detail</Filter>
    </Text>
    <Text Include="..\..\IntelligentStockSystem\data\detail\cn_603329.txt">
      <Filter>data\detail</Filter>
    </Text>
    <Text Include="..\..\IntelligentStockSystem\data\detail\cn_603335.txt">
      <Filter>data\detail</Filter>
    </Text>
    <Text Include="..\..\IntelligentStockSystem\data\detail\cn_603506.txt">
      <Filter>data\detail</Filter>
    </Text>
    <Text Include="..\..\IntelligentStockSystem\data\detail\cn_603557.txt">
      <Filter>data\detail</Filter>
    </Text>
    <Text Include="..\..\IntelligentStockSystem\data\detail\cn_603568.txt">
      <Filter>data\detail</Filter>
    </Text>
    <Text Include="..\..\IntelligentStockSystem\data\detail\cn_603585.txt">
      <Filter>data\detail</Filter>
    </Text>
    <Text Include="..\..\IntelligentStockSystem\data\detail\cn_603608.txt">
      <Filter>data\detail</Filter>
    </Text>
    <Text Include="..\..\IntelligentStockSystem\data\detail\cn_603609.txt">
      <Filter>data\detail</Filter>
    </Text>
    <Text Include="..\..\IntelligentStockSystem\data\detail\cn_603626.txt">
      <Filter>data\detail</Filter>
    </Text>
    <Text Include="..\..\IntelligentStockSystem\data\detail\cn_603629.txt">
      <Filter>data\detail</Filter>
    </Text>
    <Text Include="..\..\IntelligentStockSystem\data\detail\cn_603687.txt">
      <Filter>data\detail</Filter>
    </Text>
    <Text Include="..\..\IntelligentStockSystem\data\detail\cn_603690.txt">
      <Filter>data\detail</Filter>
    </Text>
    <Text Include="..\..\IntelligentStockSystem\data\detail\cn_603716.txt">
      <Filter>data\detail</Filter>
    </Text>
    <Text Include="..\..\IntelligentStockSystem\data\detail\cn_603788.txt">
      <Filter>data\detail</Filter>
    </Text>
    <Text Include="..\..\IntelligentStockSystem\data\detail\cn_603801.txt">
      <Filter>data\detail</Filter>
    </Text>
    <Text Include="..\..\IntelligentStockSystem\data\detail\cn_603818.txt">
      <Filter>data\detail</Filter>
    </Text>
    <Text Include="..\..\IntelligentStockSystem\data\detail\cn_603819.txt">
      <Filter>data\detail</Filter>
    </Text>
    <Text Include="..\..\IntelligentStockSystem\data\detail\cn_603826.txt">
      <Filter>data\detail</Filter>
    </Text>
    <Text Include="..\..\IntelligentStockSystem\data\detail\cn_603880.txt">
      <Filter>data\detail</Filter>
    </Text>
    <Text Include="..\..\IntelligentStockSystem\data\detail\cn_603918.txt">
      <Filter>data\detail</Filter>
    </Text>
    <Text Include="..\..\IntelligentStockSystem\data\detail\cn_603919.txt">
      <Filter>data\detail</Filter>
    </Text>
    <Text Include="..\..\IntelligentStockSystem\data\detail\cn_603927.txt">
      <Filter>data\detail</Filter>
    </Text>
    <Text Include="..\..\IntelligentStockSystem\data\detail\cn_603936.txt">
      <Filter>data\detail</Filter>
    </Text>
    <Text Include="..\..\IntelligentStockSystem\data\detail\cn_603966.txt">
      <Filter>data\detail</Filter>
    </Text>
    <Text Include="..\..\IntelligentStockSystem\data\detail\cn_603978.txt">
      <Filter>data\detail</Filter>
    </Text>
    <Text Include="..\..\IntelligentStockSystem\data\detail\cn_603992.txt">
      <Filter>data\detail</Filter>
    </Text>
    <Text Include="..\..\IntelligentStockSystem\data\detail\cn_605009.txt">
      <Filter>data\detail</Filter>
    </Text>
    <Text Include="..\..\IntelligentStockSystem\data\detail\cn_605050.txt">
      <Filter>data\detail</Filter>
    </Text>
    <Text Include="..\..\IntelligentStockSystem\data\detail\cn_605122.txt">
      <Filter>data\detail</Filter>
    </Text>
    <Text Include="..\..\IntelligentStockSystem\data\detail\cn_605138.txt">
      <Filter>data\detail</Filter>
    </Text>
    <Text Include="..\..\IntelligentStockSystem\data\detail\cn_605158.txt">
      <Filter>data\detail</Filter>
    </Text>
    <Text Include="..\..\IntelligentStockSystem\data\detail\cn_605180.txt">
      <Filter>data\detail</Filter>
    </Text>
    <Text Include="..\..\IntelligentStockSystem\data\detail\cn_605199.txt">
      <Filter>data\detail</Filter>
    </Text>
    <Text Include="..\..\IntelligentStockSystem\data\detail\cn_605258.txt">
      <Filter>data\detail</Filter>
    </Text>
    <Text Include="..\..\IntelligentStockSystem\data\detail\cn_605266.txt">
      <Filter>data\detail</Filter>
    </Text>
    <Text Include="..\..\IntelligentStockSystem\data\detail\cn_605319.txt">
      <Filter>data\detail</Filter>
    </Text>
    <Text Include="..\..\IntelligentStockSystem\data\detail\cn_605378.txt">
      <Filter>data\detail</Filter>
    </Text>
    <Text Include="..\..\IntelligentStockSystem\data\detail\cn_688002.txt">
      <Filter>data\detail</Filter>
    </Text>
    <Text Include="..\..\IntelligentStockSystem\data\detail\cn_688013.txt">
      <Filter>data\detail</Filter>
    </Text>
    <Text Include="..\..\IntelligentStockSystem\data\detail\cn_688018.txt">
      <Filter>data\detail</Filter>
    </Text>
    <Text Include="..\..\IntelligentStockSystem\data\detail\cn_688019.txt">
      <Filter>data\detail</Filter>
    </Text>
    <Text Include="..\..\IntelligentStockSystem\data\detail\cn_688030.txt">
      <Filter>data\detail</Filter>
    </Text>
    <Text Include="..\..\IntelligentStockSystem\data\detail\cn_688033.txt">
      <Filter>data\detail</Filter>
    </Text>
    <Text Include="..\..\IntelligentStockSystem\data\detail\cn_688085.txt">
      <Filter>data\detail</Filter>
    </Text>
    <Text Include="..\..\IntelligentStockSystem\data\detail\cn_688097.txt">
      <Filter>data\detail</Filter>
    </Text>
    <Text Include="..\..\IntelligentStockSystem\data\detail\cn_688108.txt">
      <Filter>data\detail</Filter>
    </Text>
    <Text Include="..\..\IntelligentStockSystem\data\detail\cn_688127.txt">
      <Filter>data\detail</Filter>
    </Text>
    <Text Include="..\..\IntelligentStockSystem\data\detail\cn_688131.txt">
      <Filter>data\detail</Filter>
    </Text>
    <Text Include="..\..\IntelligentStockSystem\data\detail\cn_688167.txt">
      <Filter>data\detail</Filter>
    </Text>
    <Text Include="..\..\IntelligentStockSystem\data\detail\cn_688187.txt">
      <Filter>data\detail</Filter>
    </Text>
    <Text Include="..\..\IntelligentStockSystem\data\detail\cn_688191.txt">
      <Filter>data\detail</Filter>
    </Text>
    <Text Include="..\..\IntelligentStockSystem\data\detail\cn_688228.txt">
      <Filter>data\detail</Filter>
    </Text>
    <Text Include="..\..\IntelligentStockSystem\data\detail\cn_688232.txt">
      <Filter>data\detail</Filter>
    </Text>
    <Text Include="..\..\IntelligentStockSystem\data\detail\cn_688246.txt">
      <Filter>data\detail</Filter>
    </Text>
    <Text Include="..\..\IntelligentStockSystem\data\detail\cn_688253.txt">
      <Filter>data\detail</Filter>
    </Text>
    <Text Include="..\..\IntelligentStockSystem\data\detail\cn_688385.txt">
      <Filter>data\detail</Filter>
    </Text>
    <Text Include="..\..\IntelligentStockSystem\data\detail\cn_688388.txt">
      <Filter>data\detail</Filter>
    </Text>
    <Text Include="..\..\IntelligentStockSystem\data\detail\cn_688435.txt">
      <Filter>data\detail</Filter>
    </Text>
    <Text Include="..\..\IntelligentStockSystem\data\detail\cn_688484.txt">
      <Filter>data\detail</Filter>
    </Text>
    <Text Include="..\..\IntelligentStockSystem\data\detail\cn_688516.txt">
      <Filter>data\detail</Filter>
    </Text>
    <Text Include="..\..\IntelligentStockSystem\data\detail\cn_688545.txt">
      <Filter>data\detail</Filter>
    </Text>
    <Text Include="..\..\IntelligentStockSystem\data\detail\cn_688590.txt">
      <Filter>data\detail</Filter>
    </Text>
    <Text Include="..\..\IntelligentStockSystem\data\detail\cn_688626.txt">
      <Filter>data\detail</Filter>
    </Text>
    <Text Include="..\..\IntelligentStockSystem\data\detail\cn_688628.txt">
      <Filter>data\detail</Filter>
    </Text>
    <Text Include="..\..\IntelligentStockSystem\data\detail\cn_688646.txt">
      <Filter>data\detail</Filter>
    </Text>
    <Text Include="..\..\IntelligentStockSystem\data\detail\cn_688653.txt">
      <Filter>data\detail</Filter>
    </Text>
    <Text Include="..\..\IntelligentStockSystem\data\detail\cn_688659.txt">
      <Filter>data\detail</Filter>
    </Text>
    <Text Include="..\..\IntelligentStockSystem\data\detail\cn_688683.txt">
      <Filter>data\detail</Filter>
    </Text>
    <Text Include="..\..\IntelligentStockSystem\data\detail\cn_688710.txt">
      <Filter>data\detail</Filter>
    </Text>
    <Text Include="..\..\IntelligentStockSystem\data\detail\cn_688750.txt">
      <Filter>data\detail</Filter>
    </Text>
    <Text Include="..\..\IntelligentStockSystem\data\detail\cn_832023.txt">
      <Filter>data\detail</Filter>
    </Text>
    <Text Include="..\..\IntelligentStockSystem\data\detail\cn_833533.txt">
      <Filter>data\detail</Filter>
    </Text>
    <Text Include="..\..\IntelligentStockSystem\data\detail\cn_834765.txt">
      <Filter>data\detail</Filter>
    </Text>
    <Text Include="..\..\IntelligentStockSystem\data\detail\cn_835207.txt">
      <Filter>data\detail</Filter>
    </Text>
    <Text Include="..\..\IntelligentStockSystem\data\detail\cn_835368.txt">
      <Filter>data\detail</Filter>
    </Text>
    <Text Include="..\..\IntelligentStockSystem\data\detail\cn_835640.txt">
      <Filter>data\detail</Filter>
    </Text>
    <Text Include="..\..\IntelligentStockSystem\data\detail\cn_836270.txt">
      <Filter>data\detail</Filter>
    </Text>
    <Text Include="..\..\IntelligentStockSystem\data\detail\cn_836942.txt">
      <Filter>data\detail</Filter>
    </Text>
    <Text Include="..\..\IntelligentStockSystem\data\detail\cn_838030.txt">
      <Filter>data\detail</Filter>
    </Text>
    <Text Include="..\..\IntelligentStockSystem\data\detail\cn_839946.txt">
      <Filter>data\detail</Filter>
    </Text>
    <Text Include="..\..\IntelligentStockSystem\data\detail\cn_872931.txt">
      <Filter>data\detail</Filter>
    </Text>
    <Text Include="..\..\IntelligentStockSystem\data\detail\cn_873726.txt">
      <Filter>data\detail</Filter>
    </Text>
    <Text Include="..\..\IntelligentStockSystem\data\detail\cn_920001.txt">
      <Filter>data\detail</Filter>
    </Text>
    <Text Include="..\..\IntelligentStockSystem\data\detail\cn_920184.txt">
      <Filter>data\detail</Filter>
    </Text>
    <Text Include="..\..\IntelligentStockSystem\data\detail\cn_920260.txt">
      <Filter>data\detail</Filter>
    </Text>
    <Text Include="..\..\IntelligentStockSystem\data\detail\cn_920357.txt">
      <Filter>data\detail</Filter>
    </Text>
    <Text Include="..\..\IntelligentStockSystem\data\detail\cn_920419.txt">
      <Filter>data\detail</Filter>
    </Text>
    <Text Include="..\..\IntelligentStockSystem\data\detail\cn_920509.txt">
      <Filter>data\detail</Filter>
    </Text>
    <Text Include="..\..\IntelligentStockSystem\data\detail\cn_920580.txt">
      <Filter>data\detail</Filter>
    </Text>
    <Text Include="..\..\IntelligentStockSystem\data\detail\cn_920753.txt">
      <Filter>data\detail</Filter>
    </Text>
    <Text Include="..\..\IntelligentStockSystem\data\detail\cn_920807.txt">
      <Filter>data\detail</Filter>
    </Text>
    <Text Include="..\..\IntelligentStockSystem\data\detail\cn_920821.txt">
      <Filter>data\detail</Filter>
    </Text>
    <Text Include="..\..\IntelligentStockSystem\data\detail\cn_920924.txt">
      <Filter>data\detail</Filter>
    </Text>
    <Text Include="..\..\IntelligentStockSystem\data\detail\cn_920943.txt">
      <Filter>data\detail</Filter>
    </Text>
  </ItemGroup>
  <ItemGroup>
    <ClInclude Include="EncodingUtils.h">
      <Filter>头文件</Filter>
    </ClInclude>
    <ClInclude Include="Module_Maintenance.h">
      <Filter>头文件</Filter>
    </ClInclude>
    <ClInclude Include="Module_Search.h">
      <Filter>头文件</Filter>
    </ClInclude>
    <ClInclude Include="Module_Stats.h">
      <Filter>头文件</Filter>
    </ClInclude>
    <ClInclude Include="Module_Recommendation.h">
      <Filter>头文件</Filter>
    </ClInclude>
    <ClInclude Include="Module_Prediction.h">
      <Filter>头文件</Filter>
    </ClInclude>
  </ItemGroup>
  <ItemGroup>
    <ClCompile Include="IntelligentStockSystem.cpp" />
  </ItemGroup>
</Project>