
Microsoft Visual Studio Solution File, Format Version 12.00
# Visual Studio Version 16
VisualStudioVersion = 16.0.35706.149
MinimumVisualStudioVersion = 10.0.40219.1
Project("{8BC9CEB8-8B4A-11D0-8D11-00A0C91BC942}") = "结构体数组", "调试用.vcxproj", "{D5DCEBA6-3211-4BEA-9D2F-D673BF0C5295}"
EndProject
Project("{8BC9CEB8-8B4A-11D0-8D11-00A0C91BC942}") = "顺序存储", "..\顺序存储\顺序存储.vcxproj", "{6C543586-E5FE-4C6C-937A-AB466EA8F025}"
EndProject
Project("{8BC9CEB8-8B4A-11D0-8D11-00A0C91BC942}") = "三叉数组", "..\三叉数组\三叉数组.vcxproj", "{7C4F1823-7334-4C2D-8464-DB47D787B15C}"
EndProject
Global
	GlobalSection(SolutionConfigurationPlatforms) = preSolution
		Debug|x64 = Debug|x64
		Debug|x86 = Debug|x86
		Release|x64 = Release|x64
		Release|x86 = Release|x86
	EndGlobalSection
	GlobalSection(ProjectConfigurationPlatforms) = postSolution
		{D5DCEBA6-3211-4BEA-9D2F-D673BF0C5295}.Debug|x64.ActiveCfg = Debug|x64
		{D5DCEBA6-3211-4BEA-9D2F-D673BF0C5295}.Debug|x64.Build.0 = Debug|x64
		{D5DCEBA6-3211-4BEA-9D2F-D673BF0C5295}.Debug|x86.ActiveCfg = Debug|Win32
		{D5DCEBA6-3211-4BEA-9D2F-D673BF0C5295}.Debug|x86.Build.0 = Debug|Win32
		{D5DCEBA6-3211-4BEA-9D2F-D673BF0C5295}.Release|x64.ActiveCfg = Release|x64
		{D5DCEBA6-3211-4BEA-9D2F-D673BF0C5295}.Release|x64.Build.0 = Release|x64
		{D5DCEBA6-3211-4BEA-9D2F-D673BF0C5295}.Release|x86.ActiveCfg = Release|Win32
		{D5DCEBA6-3211-4BEA-9D2F-D673BF0C5295}.Release|x86.Build.0 = Release|Win32
		{6C543586-E5FE-4C6C-937A-AB466EA8F025}.Debug|x64.ActiveCfg = Debug|x64
		{6C543586-E5FE-4C6C-937A-AB466EA8F025}.Debug|x64.Build.0 = Debug|x64
		{6C543586-E5FE-4C6C-937A-AB466EA8F025}.Debug|x86.ActiveCfg = Debug|Win32
		{6C543586-E5FE-4C6C-937A-AB466EA8F025}.Debug|x86.Build.0 = Debug|Win32
		{6C543586-E5FE-4C6C-937A-AB466EA8F025}.Release|x64.ActiveCfg = Release|x64
		{6C543586-E5FE-4C6C-937A-AB466EA8F025}.Release|x64.Build.0 = Release|x64
		{6C543586-E5FE-4C6C-937A-AB466EA8F025}.Release|x86.ActiveCfg = Release|Win32
		{6C543586-E5FE-4C6C-937A-AB466EA8F025}.Release|x86.Build.0 = Release|Win32
		{7C4F1823-7334-4C2D-8464-DB47D787B15C}.Debug|x64.ActiveCfg = Debug|x64
		{7C4F1823-7334-4C2D-8464-DB47D787B15C}.Debug|x64.Build.0 = Debug|x64
		{7C4F1823-7334-4C2D-8464-DB47D787B15C}.Debug|x86.ActiveCfg = Debug|Win32
		{7C4F1823-7334-4C2D-8464-DB47D787B15C}.Debug|x86.Build.0 = Debug|Win32
		{7C4F1823-7334-4C2D-8464-DB47D787B15C}.Release|x64.ActiveCfg = Release|x64
		{7C4F1823-7334-4C2D-8464-DB47D787B15C}.Release|x64.Build.0 = Release|x64
		{7C4F1823-7334-4C2D-8464-DB47D787B15C}.Release|x86.ActiveCfg = Release|Win32
		{7C4F1823-7334-4C2D-8464-DB47D787B15C}.Release|x86.Build.0 = Release|Win32
	EndGlobalSection
	GlobalSection(SolutionProperties) = preSolution
		HideSolutionNode = FALSE
	EndGlobalSection
	GlobalSection(ExtensibilityGlobals) = postSolution
		SolutionGuid = {4DC8EE65-3CBE-4FDA-BF10-9C2D79461E39}
	EndGlobalSection
EndGlobal
